// !$*UTF8*$!
{
	archiveVersion = 1;
	classes = {
	};
	objectVersion = 56;
	objects = {

/* Begin PBXBuildFile section */
		52141CE22BE0D82500551A94 /* Assets.xcassets in Resources */ = {isa = PBXBuildFile; fileRef = 52141CE12BE0D82500551A94 /* Assets.xcassets */; };
		52141CE52BE0D82500551A94 /* Base in Resources */ = {isa = PBXBuildFile; fileRef = 52141CE42BE0D82500551A94 /* Base */; };
		52141CF42BE0E03200551A94 /* ReactorKit in Frameworks */ = {isa = PBXBuildFile; productRef = 52141CF32BE0E03200551A94 /* ReactorKit */; };
		52141CF72BE0E04000551A94 /* Then in Frameworks */ = {isa = PBXBuildFile; productRef = 52141CF62BE0E04000551A94 /* Then */; };
		52141CFE2BE0E6C800551A94 /* SnapKit in Frameworks */ = {isa = PBXBuildFile; productRef = 52141CFD2BE0E6C800551A94 /* SnapKit */; };
		52FC14902BE36A6A00462B37 /* RxCocoa in Frameworks */ = {isa = PBXBuildFile; productRef = 52FC148F2BE36A6A00462B37 /* RxCocoa */; };
		52FC14A12BE378A300462B37 /* RxGesture in Frameworks */ = {isa = PBXBuildFile; productRef = 52FC14A02BE378A300462B37 /* RxGesture */; };
		52FC14A92BE459C400462B37 /* Cosmos in Frameworks */ = {isa = PBXBuildFile; productRef = 52FC14A82BE459C400462B37 /* Cosmos */; };
		52FC14E82BE47E1E00462B37 /* AppDelegate.swift in Sources */ = {isa = PBXBuildFile; fileRef = 52FC14E62BE47E1E00462B37 /* AppDelegate.swift */; };
		52FC14E92BE47E1E00462B37 /* SceneDelegate.swift in Sources */ = {isa = PBXBuildFile; fileRef = 52FC14E72BE47E1E00462B37 /* SceneDelegate.swift */; };
		52FC14EF2BE47E5500462B37 /* BaseView.swift in Sources */ = {isa = PBXBuildFile; fileRef = 52FC14ED2BE47E5500462B37 /* BaseView.swift */; };
		52FC14F02BE47E5500462B37 /* BaseViewController.swift in Sources */ = {isa = PBXBuildFile; fileRef = 52FC14EE2BE47E5500462B37 /* BaseViewController.swift */; };
		52FC14F32BE47E6200462B37 /* HomeReactor.swift in Sources */ = {isa = PBXBuildFile; fileRef = 52FC14F12BE47E6200462B37 /* HomeReactor.swift */; };
		52FC14F42BE47E6200462B37 /* HomeViewController.swift in Sources */ = {isa = PBXBuildFile; fileRef = 52FC14F22BE47E6200462B37 /* HomeViewController.swift */; };
		52FC14F62BE47E6E00462B37 /* MenuContainer.swift in Sources */ = {isa = PBXBuildFile; fileRef = 52FC14F52BE47E6E00462B37 /* MenuContainer.swift */; };
		52FC14F92BE47E7C00462B37 /* SettingViewController.swift in Sources */ = {isa = PBXBuildFile; fileRef = 52FC14F82BE47E7C00462B37 /* SettingViewController.swift */; };
		52FC14FB2BE47E7F00462B37 /* SettingReactor.swift in Sources */ = {isa = PBXBuildFile; fileRef = 52FC14FA2BE47E7F00462B37 /* SettingReactor.swift */; };
		52FC15002BE47E9300462B37 /* Response.swift in Sources */ = {isa = PBXBuildFile; fileRef = 52FC14FD2BE47E9300462B37 /* Response.swift */; };
		52FC15012BE47E9300462B37 /* MenuResponse.swift in Sources */ = {isa = PBXBuildFile; fileRef = 52FC14FE2BE47E9300462B37 /* MenuResponse.swift */; };
		52FC15022BE47E9300462B37 /* MenuDetailResponse.swift in Sources */ = {isa = PBXBuildFile; fileRef = 52FC14FF2BE47E9300462B37 /* MenuDetailResponse.swift */; };
		52FC15052BE47EA300462B37 /* Constants.swift in Sources */ = {isa = PBXBuildFile; fileRef = 52FC15042BE47EA300462B37 /* Constants.swift */; };
		52FC15082BE47EBF00462B37 /* RankingViewController.swift in Sources */ = {isa = PBXBuildFile; fileRef = 52FC15072BE47EBF00462B37 /* RankingViewController.swift */; };
		52FC150A2BE47EC300462B37 /* RankingReactor.swift in Sources */ = {isa = PBXBuildFile; fileRef = 52FC15092BE47EC300462B37 /* RankingReactor.swift */; };
		52FC150D2BE47ECF00462B37 /* ReviewViewController.swift in Sources */ = {isa = PBXBuildFile; fileRef = 52FC150C2BE47ECF00462B37 /* ReviewViewController.swift */; };
		52FC150F2BE47ED300462B37 /* ReviewReactor.swift in Sources */ = {isa = PBXBuildFile; fileRef = 52FC150E2BE47ED300462B37 /* ReviewReactor.swift */; };
		52FC15132BE47EE100462B37 /* MenuInfoReactor.swift in Sources */ = {isa = PBXBuildFile; fileRef = 52FC15112BE47EE100462B37 /* MenuInfoReactor.swift */; };
		52FC15142BE47EE100462B37 /* MenuInfoViewController.swift in Sources */ = {isa = PBXBuildFile; fileRef = 52FC15122BE47EE100462B37 /* MenuInfoViewController.swift */; };
		52FC15232BE47FDF00462B37 /* UIColor+Ext.swift in Sources */ = {isa = PBXBuildFile; fileRef = 52FC15172BE47FDE00462B37 /* UIColor+Ext.swift */; };
		52FC15242BE47FDF00462B37 /* UIStackView+Ext.swift in Sources */ = {isa = PBXBuildFile; fileRef = 52FC15182BE47FDE00462B37 /* UIStackView+Ext.swift */; };
		52FC15252BE47FDF00462B37 /* UILabel+Ext.swift in Sources */ = {isa = PBXBuildFile; fileRef = 52FC15192BE47FDF00462B37 /* UILabel+Ext.swift */; };
		52FC15262BE47FDF00462B37 /* Date+Ext.swift in Sources */ = {isa = PBXBuildFile; fileRef = 52FC151A2BE47FDF00462B37 /* Date+Ext.swift */; };
		52FC15272BE47FDF00462B37 /* UINavigationController+Ext.swift in Sources */ = {isa = PBXBuildFile; fileRef = 52FC151B2BE47FDF00462B37 /* UINavigationController+Ext.swift */; };
		52FC15282BE47FDF00462B37 /* MealType.swift in Sources */ = {isa = PBXBuildFile; fileRef = 52FC151C2BE47FDF00462B37 /* MealType.swift */; };
		52FC15292BE47FDF00462B37 /* Color.swift in Sources */ = {isa = PBXBuildFile; fileRef = 52FC151E2BE47FDF00462B37 /* Color.swift */; };
		52FC152A2BE47FDF00462B37 /* Icon.swift in Sources */ = {isa = PBXBuildFile; fileRef = 52FC151F2BE47FDF00462B37 /* Icon.swift */; };
		52FC152B2BE47FDF00462B37 /* UIImage+Ext.swift in Sources */ = {isa = PBXBuildFile; fileRef = 52FC15212BE47FDF00462B37 /* UIImage+Ext.swift */; };
		52FC152C2BE47FDF00462B37 /* UIView+Ext.swift in Sources */ = {isa = PBXBuildFile; fileRef = 52FC15222BE47FDF00462B37 /* UIView+Ext.swift */; };
		52FC15312BE5CD3000462B37 /* CommentCell.swift in Sources */ = {isa = PBXBuildFile; fileRef = 52FC15302BE5CD3000462B37 /* CommentCell.swift */; };
/* End PBXBuildFile section */

/* Begin PBXFileReference section */
		52141CD52BE0D82400551A94 /* DaechelinGuide.app */ = {isa = PBXFileReference; explicitFileType = wrapper.application; includeInIndex = 0; path = DaechelinGuide.app; sourceTree = BUILT_PRODUCTS_DIR; };
		52141CE12BE0D82500551A94 /* Assets.xcassets */ = {isa = PBXFileReference; lastKnownFileType = folder.assetcatalog; path = Assets.xcassets; sourceTree = "<group>"; };
		52141CE42BE0D82500551A94 /* Base */ = {isa = PBXFileReference; lastKnownFileType = file.storyboard; name = Base; path = Base.lproj/LaunchScreen.storyboard; sourceTree = "<group>"; };
		52141CE62BE0D82500551A94 /* Info.plist */ = {isa = PBXFileReference; lastKnownFileType = text.plist.xml; path = Info.plist; sourceTree = "<group>"; };
		52FC14E62BE47E1E00462B37 /* AppDelegate.swift */ = {isa = PBXFileReference; fileEncoding = 4; lastKnownFileType = sourcecode.swift; path = AppDelegate.swift; sourceTree = "<group>"; };
		52FC14E72BE47E1E00462B37 /* SceneDelegate.swift */ = {isa = PBXFileReference; fileEncoding = 4; lastKnownFileType = sourcecode.swift; path = SceneDelegate.swift; sourceTree = "<group>"; };
		52FC14ED2BE47E5500462B37 /* BaseView.swift */ = {isa = PBXFileReference; fileEncoding = 4; lastKnownFileType = sourcecode.swift; path = BaseView.swift; sourceTree = "<group>"; };
		52FC14EE2BE47E5500462B37 /* BaseViewController.swift */ = {isa = PBXFileReference; fileEncoding = 4; lastKnownFileType = sourcecode.swift; path = BaseViewController.swift; sourceTree = "<group>"; };
		52FC14F12BE47E6200462B37 /* HomeReactor.swift */ = {isa = PBXFileReference; fileEncoding = 4; lastKnownFileType = sourcecode.swift; path = HomeReactor.swift; sourceTree = "<group>"; };
		52FC14F22BE47E6200462B37 /* HomeViewController.swift */ = {isa = PBXFileReference; fileEncoding = 4; lastKnownFileType = sourcecode.swift; path = HomeViewController.swift; sourceTree = "<group>"; };
		52FC14F52BE47E6E00462B37 /* MenuContainer.swift */ = {isa = PBXFileReference; fileEncoding = 4; lastKnownFileType = sourcecode.swift; path = MenuContainer.swift; sourceTree = "<group>"; };
		52FC14F82BE47E7C00462B37 /* SettingViewController.swift */ = {isa = PBXFileReference; fileEncoding = 4; lastKnownFileType = sourcecode.swift; path = SettingViewController.swift; sourceTree = "<group>"; };
		52FC14FA2BE47E7F00462B37 /* SettingReactor.swift */ = {isa = PBXFileReference; fileEncoding = 4; lastKnownFileType = sourcecode.swift; path = SettingReactor.swift; sourceTree = "<group>"; };
		52FC14FD2BE47E9300462B37 /* Response.swift */ = {isa = PBXFileReference; fileEncoding = 4; lastKnownFileType = sourcecode.swift; path = Response.swift; sourceTree = "<group>"; };
		52FC14FE2BE47E9300462B37 /* MenuResponse.swift */ = {isa = PBXFileReference; fileEncoding = 4; lastKnownFileType = sourcecode.swift; path = MenuResponse.swift; sourceTree = "<group>"; };
		52FC14FF2BE47E9300462B37 /* MenuDetailResponse.swift */ = {isa = PBXFileReference; fileEncoding = 4; lastKnownFileType = sourcecode.swift; path = MenuDetailResponse.swift; sourceTree = "<group>"; };
		52FC15042BE47EA300462B37 /* Constants.swift */ = {isa = PBXFileReference; fileEncoding = 4; lastKnownFileType = sourcecode.swift; path = Constants.swift; sourceTree = "<group>"; };
		52FC15072BE47EBF00462B37 /* RankingViewController.swift */ = {isa = PBXFileReference; fileEncoding = 4; lastKnownFileType = sourcecode.swift; path = RankingViewController.swift; sourceTree = "<group>"; };
		52FC15092BE47EC300462B37 /* RankingReactor.swift */ = {isa = PBXFileReference; fileEncoding = 4; lastKnownFileType = sourcecode.swift; path = RankingReactor.swift; sourceTree = "<group>"; };
		52FC150C2BE47ECF00462B37 /* ReviewViewController.swift */ = {isa = PBXFileReference; fileEncoding = 4; lastKnownFileType = sourcecode.swift; path = ReviewViewController.swift; sourceTree = "<group>"; };
		52FC150E2BE47ED300462B37 /* ReviewReactor.swift */ = {isa = PBXFileReference; fileEncoding = 4; lastKnownFileType = sourcecode.swift; path = ReviewReactor.swift; sourceTree = "<group>"; };
		52FC15112BE47EE100462B37 /* MenuInfoReactor.swift */ = {isa = PBXFileReference; fileEncoding = 4; lastKnownFileType = sourcecode.swift; path = MenuInfoReactor.swift; sourceTree = "<group>"; };
		52FC15122BE47EE100462B37 /* MenuInfoViewController.swift */ = {isa = PBXFileReference; fileEncoding = 4; lastKnownFileType = sourcecode.swift; path = MenuInfoViewController.swift; sourceTree = "<group>"; };
		52FC15172BE47FDE00462B37 /* UIColor+Ext.swift */ = {isa = PBXFileReference; fileEncoding = 4; lastKnownFileType = sourcecode.swift; path = "UIColor+Ext.swift"; sourceTree = "<group>"; };
		52FC15182BE47FDE00462B37 /* UIStackView+Ext.swift */ = {isa = PBXFileReference; fileEncoding = 4; lastKnownFileType = sourcecode.swift; path = "UIStackView+Ext.swift"; sourceTree = "<group>"; };
		52FC15192BE47FDF00462B37 /* UILabel+Ext.swift */ = {isa = PBXFileReference; fileEncoding = 4; lastKnownFileType = sourcecode.swift; path = "UILabel+Ext.swift"; sourceTree = "<group>"; };
		52FC151A2BE47FDF00462B37 /* Date+Ext.swift */ = {isa = PBXFileReference; fileEncoding = 4; lastKnownFileType = sourcecode.swift; path = "Date+Ext.swift"; sourceTree = "<group>"; };
		52FC151B2BE47FDF00462B37 /* UINavigationController+Ext.swift */ = {isa = PBXFileReference; fileEncoding = 4; lastKnownFileType = sourcecode.swift; path = "UINavigationController+Ext.swift"; sourceTree = "<group>"; };
		52FC151C2BE47FDF00462B37 /* MealType.swift */ = {isa = PBXFileReference; fileEncoding = 4; lastKnownFileType = sourcecode.swift; path = MealType.swift; sourceTree = "<group>"; };
		52FC151E2BE47FDF00462B37 /* Color.swift */ = {isa = PBXFileReference; fileEncoding = 4; lastKnownFileType = sourcecode.swift; path = Color.swift; sourceTree = "<group>"; };
		52FC151F2BE47FDF00462B37 /* Icon.swift */ = {isa = PBXFileReference; fileEncoding = 4; lastKnownFileType = sourcecode.swift; path = Icon.swift; sourceTree = "<group>"; };
		52FC15212BE47FDF00462B37 /* UIImage+Ext.swift */ = {isa = PBXFileReference; fileEncoding = 4; lastKnownFileType = sourcecode.swift; path = "UIImage+Ext.swift"; sourceTree = "<group>"; };
		52FC15222BE47FDF00462B37 /* UIView+Ext.swift */ = {isa = PBXFileReference; fileEncoding = 4; lastKnownFileType = sourcecode.swift; path = "UIView+Ext.swift"; sourceTree = "<group>"; };
		52FC15302BE5CD3000462B37 /* CommentCell.swift */ = {isa = PBXFileReference; lastKnownFileType = sourcecode.swift; path = CommentCell.swift; sourceTree = "<group>"; };
/* End PBXFileReference section */

/* Begin PBXFrameworksBuildPhase section */
		52141CD22BE0D82400551A94 /* Frameworks */ = {
			isa = PBXFrameworksBuildPhase;
			buildActionMask = 2147483647;
			files = (
				52FC14A92BE459C400462B37 /* Cosmos in Frameworks */,
				52141CFE2BE0E6C800551A94 /* SnapKit in Frameworks */,
				52141CF42BE0E03200551A94 /* ReactorKit in Frameworks */,
				52FC14A12BE378A300462B37 /* RxGesture in Frameworks */,
				52FC14902BE36A6A00462B37 /* RxCocoa in Frameworks */,
				52141CF72BE0E04000551A94 /* Then in Frameworks */,
			);
			runOnlyForDeploymentPostprocessing = 0;
		};
/* End PBXFrameworksBuildPhase section */

/* Begin PBXGroup section */
		52141CCC2BE0D82400551A94 = {
			isa = PBXGroup;
			children = (
				52141CD72BE0D82400551A94 /* DaechelinGuide */,
				52141CD62BE0D82400551A94 /* Products */,
			);
			sourceTree = "<group>";
		};
		52141CD62BE0D82400551A94 /* Products */ = {
			isa = PBXGroup;
			children = (
				52141CD52BE0D82400551A94 /* DaechelinGuide.app */,
			);
			name = Products;
			sourceTree = "<group>";
		};
		52141CD72BE0D82400551A94 /* DaechelinGuide */ = {
			isa = PBXGroup;
			children = (
				52141CEC2BE0D99100551A94 /* Resources */,
				52FC14C62BE47CDF00462B37 /* Sources */,
			);
			path = DaechelinGuide;
			sourceTree = "<group>";
		};
		52141CEC2BE0D99100551A94 /* Resources */ = {
			isa = PBXGroup;
			children = (
				52141CE62BE0D82500551A94 /* Info.plist */,
				52141CE32BE0D82500551A94 /* LaunchScreen.storyboard */,
				52141CE12BE0D82500551A94 /* Assets.xcassets */,
			);
			path = Resources;
			sourceTree = "<group>";
		};
		52FC14C62BE47CDF00462B37 /* Sources */ = {
			isa = PBXGroup;
			children = (
				52FC14C72BE47D0800462B37 /* Delegate */,
				52FC14CC2BE47D8A00462B37 /* Service */,
				52FC14CB2BE47D7C00462B37 /* Presentation */,
				52FC15162BE47FD200462B37 /* Shared */,
			);
			path = Sources;
			sourceTree = "<group>";
		};
		52FC14C72BE47D0800462B37 /* Delegate */ = {
			isa = PBXGroup;
			children = (
				52FC14E62BE47E1E00462B37 /* AppDelegate.swift */,
				52FC14E72BE47E1E00462B37 /* SceneDelegate.swift */,
			);
			path = Delegate;
			sourceTree = "<group>";
		};
		52FC14CB2BE47D7C00462B37 /* Presentation */ = {
			isa = PBXGroup;
			children = (
				52FC14EA2BE47E2B00462B37 /* Base */,
				52FC14EC2BE47E4900462B37 /* Scenes */,
			);
			path = Presentation;
			sourceTree = "<group>";
		};
		52FC14CC2BE47D8A00462B37 /* Service */ = {
			isa = PBXGroup;
			children = (
				52FC15032BE47E9900462B37 /* Configuration */,
				52FC14FC2BE47E8D00462B37 /* Response */,
			);
			path = Service;
			sourceTree = "<group>";
		};
		52FC14EA2BE47E2B00462B37 /* Base */ = {
			isa = PBXGroup;
			children = (
				52FC14ED2BE47E5500462B37 /* BaseView.swift */,
				52FC14EE2BE47E5500462B37 /* BaseViewController.swift */,
			);
			path = Base;
			sourceTree = "<group>";
		};
		52FC14EB2BE47E2E00462B37 /* Home */ = {
			isa = PBXGroup;
			children = (
				52FC14F22BE47E6200462B37 /* HomeViewController.swift */,
				52FC14F12BE47E6200462B37 /* HomeReactor.swift */,
				52FC14F52BE47E6E00462B37 /* MenuContainer.swift */,
			);
			path = Home;
			sourceTree = "<group>";
		};
		52FC14EC2BE47E4900462B37 /* Scenes */ = {
			isa = PBXGroup;
			children = (
				52FC14EB2BE47E2E00462B37 /* Home */,
				52FC15102BE47ED600462B37 /* MenuInfo */,
				52FC150B2BE47EC500462B37 /* Review */,
				52FC15062BE47EB600462B37 /* Ranking */,
				52FC14F72BE47E7400462B37 /* Setting */,
			);
			path = Scenes;
			sourceTree = "<group>";
		};
		52FC14F72BE47E7400462B37 /* Setting */ = {
			isa = PBXGroup;
			children = (
				52FC14F82BE47E7C00462B37 /* SettingViewController.swift */,
				52FC14FA2BE47E7F00462B37 /* SettingReactor.swift */,
			);
			path = Setting;
			sourceTree = "<group>";
		};
		52FC14FC2BE47E8D00462B37 /* Response */ = {
			isa = PBXGroup;
			children = (
				52FC14FF2BE47E9300462B37 /* MenuDetailResponse.swift */,
				52FC14FE2BE47E9300462B37 /* MenuResponse.swift */,
				52FC14FD2BE47E9300462B37 /* Response.swift */,
			);
			path = Response;
			sourceTree = "<group>";
		};
		52FC15032BE47E9900462B37 /* Configuration */ = {
			isa = PBXGroup;
			children = (
				52FC15042BE47EA300462B37 /* Constants.swift */,
			);
			path = Configuration;
			sourceTree = "<group>";
		};
		52FC15062BE47EB600462B37 /* Ranking */ = {
			isa = PBXGroup;
			children = (
				52FC15072BE47EBF00462B37 /* RankingViewController.swift */,
				52FC15092BE47EC300462B37 /* RankingReactor.swift */,
			);
			path = Ranking;
			sourceTree = "<group>";
		};
		52FC150B2BE47EC500462B37 /* Review */ = {
			isa = PBXGroup;
			children = (
				52FC150C2BE47ECF00462B37 /* ReviewViewController.swift */,
				52FC150E2BE47ED300462B37 /* ReviewReactor.swift */,
			);
			path = Review;
			sourceTree = "<group>";
		};
		52FC15102BE47ED600462B37 /* MenuInfo */ = {
			isa = PBXGroup;
			children = (
				52FC15122BE47EE100462B37 /* MenuInfoViewController.swift */,
				52FC15112BE47EE100462B37 /* MenuInfoReactor.swift */,
				52FC15302BE5CD3000462B37 /* CommentCell.swift */,
			);
			path = MenuInfo;
			sourceTree = "<group>";
		};
		52FC15162BE47FD200462B37 /* Shared */ = {
			isa = PBXGroup;
			children = (
				52FC15202BE47FDF00462B37 /* Assets */,
				52FC151D2BE47FDF00462B37 /* Enum */,
				52FC152D2BE4803100462B37 /* Extension */,
			);
			path = Shared;
			sourceTree = "<group>";
		};
		52FC151D2BE47FDF00462B37 /* Enum */ = {
			isa = PBXGroup;
			children = (
				52FC151C2BE47FDF00462B37 /* MealType.swift */,
			);
			path = Enum;
			sourceTree = "<group>";
		};
		52FC15202BE47FDF00462B37 /* Assets */ = {
			isa = PBXGroup;
			children = (
				52FC151E2BE47FDF00462B37 /* Color.swift */,
				52FC151F2BE47FDF00462B37 /* Icon.swift */,
			);
			path = Assets;
			sourceTree = "<group>";
		};
		52FC152D2BE4803100462B37 /* Extension */ = {
			isa = PBXGroup;
			children = (
				52FC152F2BE4804200462B37 /* Foundation */,
				52FC152E2BE4803600462B37 /* UIKit */,
			);
			path = Extension;
			sourceTree = "<group>";
		};
		52FC152E2BE4803600462B37 /* UIKit */ = {
			isa = PBXGroup;
			children = (
				52FC15172BE47FDE00462B37 /* UIColor+Ext.swift */,
				52FC15212BE47FDF00462B37 /* UIImage+Ext.swift */,
				52FC15192BE47FDF00462B37 /* UILabel+Ext.swift */,
				52FC151B2BE47FDF00462B37 /* UINavigationController+Ext.swift */,
				52FC15182BE47FDE00462B37 /* UIStackView+Ext.swift */,
				52FC15222BE47FDF00462B37 /* UIView+Ext.swift */,
			);
			path = UIKit;
			sourceTree = "<group>";
		};
		52FC152F2BE4804200462B37 /* Foundation */ = {
			isa = PBXGroup;
			children = (
				52FC151A2BE47FDF00462B37 /* Date+Ext.swift */,
			);
			path = Foundation;
			sourceTree = "<group>";
		};
/* End PBXGroup section */

/* Begin PBXNativeTarget section */
		52141CD42BE0D82400551A94 /* DaechelinGuide */ = {
			isa = PBXNativeTarget;
			buildConfigurationList = 52141CE92BE0D82500551A94 /* Build configuration list for PBXNativeTarget "DaechelinGuide" */;
			buildPhases = (
				52141CD12BE0D82400551A94 /* Sources */,
				52141CD22BE0D82400551A94 /* Frameworks */,
				52141CD32BE0D82400551A94 /* Resources */,
			);
			buildRules = (
			);
			dependencies = (
			);
			name = DaechelinGuide;
			packageProductDependencies = (
				52141CF32BE0E03200551A94 /* ReactorKit */,
				52141CF62BE0E04000551A94 /* Then */,
				52141CFD2BE0E6C800551A94 /* SnapKit */,
				52FC148F2BE36A6A00462B37 /* RxCocoa */,
				52FC14A02BE378A300462B37 /* RxGesture */,
				52FC14A82BE459C400462B37 /* Cosmos */,
			);
			productName = DaechelinGuide;
			productReference = 52141CD52BE0D82400551A94 /* DaechelinGuide.app */;
			productType = "com.apple.product-type.application";
		};
/* End PBXNativeTarget section */

/* Begin PBXProject section */
		52141CCD2BE0D82400551A94 /* Project object */ = {
			isa = PBXProject;
			attributes = {
				BuildIndependentTargetsInParallel = 1;
				LastSwiftUpdateCheck = 1530;
				LastUpgradeCheck = 1530;
				TargetAttributes = {
					52141CD42BE0D82400551A94 = {
						CreatedOnToolsVersion = 15.3;
						LastSwiftMigration = 1530;
					};
				};
			};
			buildConfigurationList = 52141CD02BE0D82400551A94 /* Build configuration list for PBXProject "DaechelinGuide" */;
			compatibilityVersion = "Xcode 14.0";
			developmentRegion = en;
			hasScannedForEncodings = 0;
			knownRegions = (
				en,
				Base,
			);
			mainGroup = 52141CCC2BE0D82400551A94;
			packageReferences = (
				52141CF22BE0E03200551A94 /* XCRemoteSwiftPackageReference "ReactorKit" */,
				52141CF52BE0E04000551A94 /* XCRemoteSwiftPackageReference "Then" */,
				52141CFC2BE0E6C800551A94 /* XCRemoteSwiftPackageReference "SnapKit" */,
				52FC148E2BE36A6A00462B37 /* XCRemoteSwiftPackageReference "RxSwift" */,
				52FC149F2BE378A300462B37 /* XCRemoteSwiftPackageReference "RxGesture" */,
				52FC14A72BE459C400462B37 /* XCRemoteSwiftPackageReference "Cosmos" */,
			);
			productRefGroup = 52141CD62BE0D82400551A94 /* Products */;
			projectDirPath = "";
			projectRoot = "";
			targets = (
				52141CD42BE0D82400551A94 /* DaechelinGuide */,
			);
		};
/* End PBXProject section */

/* Begin PBXResourcesBuildPhase section */
		52141CD32BE0D82400551A94 /* Resources */ = {
			isa = PBXResourcesBuildPhase;
			buildActionMask = 2147483647;
			files = (
				52141CE22BE0D82500551A94 /* Assets.xcassets in Resources */,
				52141CE52BE0D82500551A94 /* Base in Resources */,
			);
			runOnlyForDeploymentPostprocessing = 0;
		};
/* End PBXResourcesBuildPhase section */

/* Begin PBXSourcesBuildPhase section */
		52141CD12BE0D82400551A94 /* Sources */ = {
			isa = PBXSourcesBuildPhase;
			buildActionMask = 2147483647;
			files = (
				52FC15242BE47FDF00462B37 /* UIStackView+Ext.swift in Sources */,
				52FC14FB2BE47E7F00462B37 /* SettingReactor.swift in Sources */,
				52FC15272BE47FDF00462B37 /* UINavigationController+Ext.swift in Sources */,
				52FC14E82BE47E1E00462B37 /* AppDelegate.swift in Sources */,
				52FC150D2BE47ECF00462B37 /* ReviewViewController.swift in Sources */,
				52FC15262BE47FDF00462B37 /* Date+Ext.swift in Sources */,
				52FC14EF2BE47E5500462B37 /* BaseView.swift in Sources */,
				52FC150F2BE47ED300462B37 /* ReviewReactor.swift in Sources */,
				52FC150A2BE47EC300462B37 /* RankingReactor.swift in Sources */,
				52FC15002BE47E9300462B37 /* Response.swift in Sources */,
				52FC15132BE47EE100462B37 /* MenuInfoReactor.swift in Sources */,
				52FC15052BE47EA300462B37 /* Constants.swift in Sources */,
				52FC14F92BE47E7C00462B37 /* SettingViewController.swift in Sources */,
				52FC14F02BE47E5500462B37 /* BaseViewController.swift in Sources */,
				52FC15282BE47FDF00462B37 /* MealType.swift in Sources */,
				52FC15312BE5CD3000462B37 /* CommentCell.swift in Sources */,
				52FC152C2BE47FDF00462B37 /* UIView+Ext.swift in Sources */,
				52FC15252BE47FDF00462B37 /* UILabel+Ext.swift in Sources */,
				52FC14F32BE47E6200462B37 /* HomeReactor.swift in Sources */,
				52FC15292BE47FDF00462B37 /* Color.swift in Sources */,
				52FC14F42BE47E6200462B37 /* HomeViewController.swift in Sources */,
				52FC15022BE47E9300462B37 /* MenuDetailResponse.swift in Sources */,
				52FC14E92BE47E1E00462B37 /* SceneDelegate.swift in Sources */,
				52FC152B2BE47FDF00462B37 /* UIImage+Ext.swift in Sources */,
				52FC152A2BE47FDF00462B37 /* Icon.swift in Sources */,
				52FC15012BE47E9300462B37 /* MenuResponse.swift in Sources */,
				52FC14F62BE47E6E00462B37 /* MenuContainer.swift in Sources */,
				52FC15232BE47FDF00462B37 /* UIColor+Ext.swift in Sources */,
				52FC15142BE47EE100462B37 /* MenuInfoViewController.swift in Sources */,
				52FC15082BE47EBF00462B37 /* RankingViewController.swift in Sources */,
			);
			runOnlyForDeploymentPostprocessing = 0;
		};
/* End PBXSourcesBuildPhase section */

/* Begin PBXVariantGroup section */
		52141CE32BE0D82500551A94 /* LaunchScreen.storyboard */ = {
			isa = PBXVariantGroup;
			children = (
				52141CE42BE0D82500551A94 /* Base */,
			);
			name = LaunchScreen.storyboard;
			sourceTree = "<group>";
		};
/* End PBXVariantGroup section */

/* Begin XCBuildConfiguration section */
		52141CE72BE0D82500551A94 /* Debug */ = {
			isa = XCBuildConfiguration;
			buildSettings = {
				ALWAYS_SEARCH_USER_PATHS = NO;
				ASSETCATALOG_COMPILER_GENERATE_SWIFT_ASSET_SYMBOL_EXTENSIONS = YES;
				CLANG_ANALYZER_NONNULL = YES;
				CLANG_ANALYZER_NUMBER_OBJECT_CONVERSION = YES_AGGRESSIVE;
				CLANG_CXX_LANGUAGE_STANDARD = "gnu++20";
				CLANG_ENABLE_MODULES = YES;
				CLANG_ENABLE_OBJC_ARC = YES;
				CLANG_ENABLE_OBJC_WEAK = YES;
				CLANG_WARN_BLOCK_CAPTURE_AUTORELEASING = YES;
				CLANG_WARN_BOOL_CONVERSION = YES;
				CLANG_WARN_COMMA = YES;
				CLANG_WARN_CONSTANT_CONVERSION = YES;
				CLANG_WARN_DEPRECATED_OBJC_IMPLEMENTATIONS = YES;
				CLANG_WARN_DIRECT_OBJC_ISA_USAGE = YES_ERROR;
				CLANG_WARN_DOCUMENTATION_COMMENTS = YES;
				CLANG_WARN_EMPTY_BODY = YES;
				CLANG_WARN_ENUM_CONVERSION = YES;
				CLANG_WARN_INFINITE_RECURSION = YES;
				CLANG_WARN_INT_CONVERSION = YES;
				CLANG_WARN_NON_LITERAL_NULL_CONVERSION = YES;
				CLANG_WARN_OBJC_IMPLICIT_RETAIN_SELF = YES;
				CLANG_WARN_OBJC_LITERAL_CONVERSION = YES;
				CLANG_WARN_OBJC_ROOT_CLASS = YES_ERROR;
				CLANG_WARN_QUOTED_INCLUDE_IN_FRAMEWORK_HEADER = YES;
				CLANG_WARN_RANGE_LOOP_ANALYSIS = YES;
				CLANG_WARN_STRICT_PROTOTYPES = YES;
				CLANG_WARN_SUSPICIOUS_MOVE = YES;
				CLANG_WARN_UNGUARDED_AVAILABILITY = YES_AGGRESSIVE;
				CLANG_WARN_UNREACHABLE_CODE = YES;
				CLANG_WARN__DUPLICATE_METHOD_MATCH = YES;
				COPY_PHASE_STRIP = NO;
				DEBUG_INFORMATION_FORMAT = dwarf;
				ENABLE_STRICT_OBJC_MSGSEND = YES;
				ENABLE_TESTABILITY = YES;
				ENABLE_USER_SCRIPT_SANDBOXING = YES;
				GCC_C_LANGUAGE_STANDARD = gnu17;
				GCC_DYNAMIC_NO_PIC = NO;
				GCC_NO_COMMON_BLOCKS = YES;
				GCC_OPTIMIZATION_LEVEL = 0;
				GCC_PREPROCESSOR_DEFINITIONS = (
					"DEBUG=1",
					"$(inherited)",
				);
				GCC_WARN_64_TO_32_BIT_CONVERSION = YES;
				GCC_WARN_ABOUT_RETURN_TYPE = YES_ERROR;
				GCC_WARN_UNDECLARED_SELECTOR = YES;
				GCC_WARN_UNINITIALIZED_AUTOS = YES_AGGRESSIVE;
				GCC_WARN_UNUSED_FUNCTION = YES;
				GCC_WARN_UNUSED_VARIABLE = YES;
				IPHONEOS_DEPLOYMENT_TARGET = 13.0;
				LOCALIZATION_PREFERS_STRING_CATALOGS = YES;
				MTL_ENABLE_DEBUG_INFO = INCLUDE_SOURCE;
				MTL_FAST_MATH = YES;
				ONLY_ACTIVE_ARCH = YES;
				SDKROOT = iphoneos;
				SWIFT_ACTIVE_COMPILATION_CONDITIONS = "DEBUG $(inherited)";
				SWIFT_OPTIMIZATION_LEVEL = "-Onone";
			};
			name = Debug;
		};
		52141CE82BE0D82500551A94 /* Release */ = {
			isa = XCBuildConfiguration;
			buildSettings = {
				ALWAYS_SEARCH_USER_PATHS = NO;
				ASSETCATALOG_COMPILER_GENERATE_SWIFT_ASSET_SYMBOL_EXTENSIONS = YES;
				CLANG_ANALYZER_NONNULL = YES;
				CLANG_ANALYZER_NUMBER_OBJECT_CONVERSION = YES_AGGRESSIVE;
				CLANG_CXX_LANGUAGE_STANDARD = "gnu++20";
				CLANG_ENABLE_MODULES = YES;
				CLANG_ENABLE_OBJC_ARC = YES;
				CLANG_ENABLE_OBJC_WEAK = YES;
				CLANG_WARN_BLOCK_CAPTURE_AUTORELEASING = YES;
				CLANG_WARN_BOOL_CONVERSION = YES;
				CLANG_WARN_COMMA = YES;
				CLANG_WARN_CONSTANT_CONVERSION = YES;
				CLANG_WARN_DEPRECATED_OBJC_IMPLEMENTATIONS = YES;
				CLANG_WARN_DIRECT_OBJC_ISA_USAGE = YES_ERROR;
				CLANG_WARN_DOCUMENTATION_COMMENTS = YES;
				CLANG_WARN_EMPTY_BODY = YES;
				CLANG_WARN_ENUM_CONVERSION = YES;
				CLANG_WARN_INFINITE_RECURSION = YES;
				CLANG_WARN_INT_CONVERSION = YES;
				CLANG_WARN_NON_LITERAL_NULL_CONVERSION = YES;
				CLANG_WARN_OBJC_IMPLICIT_RETAIN_SELF = YES;
				CLANG_WARN_OBJC_LITERAL_CONVERSION = YES;
				CLANG_WARN_OBJC_ROOT_CLASS = YES_ERROR;
				CLANG_WARN_QUOTED_INCLUDE_IN_FRAMEWORK_HEADER = YES;
				CLANG_WARN_RANGE_LOOP_ANALYSIS = YES;
				CLANG_WARN_STRICT_PROTOTYPES = YES;
				CLANG_WARN_SUSPICIOUS_MOVE = YES;
				CLANG_WARN_UNGUARDED_AVAILABILITY = YES_AGGRESSIVE;
				CLANG_WARN_UNREACHABLE_CODE = YES;
				CLANG_WARN__DUPLICATE_METHOD_MATCH = YES;
				COPY_PHASE_STRIP = NO;
				DEBUG_INFORMATION_FORMAT = "dwarf-with-dsym";
				ENABLE_NS_ASSERTIONS = NO;
				ENABLE_STRICT_OBJC_MSGSEND = YES;
				ENABLE_USER_SCRIPT_SANDBOXING = YES;
				GCC_C_LANGUAGE_STANDARD = gnu17;
				GCC_NO_COMMON_BLOCKS = YES;
				GCC_WARN_64_TO_32_BIT_CONVERSION = YES;
				GCC_WARN_ABOUT_RETURN_TYPE = YES_ERROR;
				GCC_WARN_UNDECLARED_SELECTOR = YES;
				GCC_WARN_UNINITIALIZED_AUTOS = YES_AGGRESSIVE;
				GCC_WARN_UNUSED_FUNCTION = YES;
				GCC_WARN_UNUSED_VARIABLE = YES;
				IPHONEOS_DEPLOYMENT_TARGET = 13.0;
				LOCALIZATION_PREFERS_STRING_CATALOGS = YES;
				MTL_ENABLE_DEBUG_INFO = NO;
				MTL_FAST_MATH = YES;
				SDKROOT = iphoneos;
				SWIFT_COMPILATION_MODE = wholemodule;
				VALIDATE_PRODUCT = YES;
			};
			name = Release;
		};
		52141CEA2BE0D82500551A94 /* Debug */ = {
			isa = XCBuildConfiguration;
			buildSettings = {
				ASSETCATALOG_COMPILER_APPICON_NAME = AppIcon;
				ASSETCATALOG_COMPILER_GLOBAL_ACCENT_COLOR_NAME = AccentColor;
				CLANG_ENABLE_MODULES = YES;
				CODE_SIGN_STYLE = Automatic;
				CURRENT_PROJECT_VERSION = 1;
				DEVELOPMENT_TEAM = H4CNC953L3;
				GENERATE_INFOPLIST_FILE = YES;
				INFOPLIST_FILE = DaechelinGuide/Resources/Info.plist;
				INFOPLIST_KEY_CFBundleDisplayName = "대슐랭 가이드";
				INFOPLIST_KEY_LSApplicationCategoryType = "public.app-category.lifestyle";
				INFOPLIST_KEY_UIApplicationSupportsIndirectInputEvents = YES;
				INFOPLIST_KEY_UILaunchStoryboardName = LaunchScreen;
				INFOPLIST_KEY_UISupportedInterfaceOrientations = UIInterfaceOrientationPortrait;
				INFOPLIST_KEY_UISupportedInterfaceOrientations_iPad = "UIInterfaceOrientationLandscapeLeft UIInterfaceOrientationLandscapeRight UIInterfaceOrientationPortrait UIInterfaceOrientationPortraitUpsideDown";
				INFOPLIST_KEY_UIUserInterfaceStyle = Light;
				IPHONEOS_DEPLOYMENT_TARGET = 13.0;
				LD_RUNPATH_SEARCH_PATHS = (
					"$(inherited)",
					"@executable_path/Frameworks",
				);
				MARKETING_VERSION = 1.0;
				PRODUCT_BUNDLE_IDENTIFIER = "kr.dgsw.mingyu.Guide-Daechelin";
				PRODUCT_NAME = "$(TARGET_NAME)";
				SUPPORTED_PLATFORMS = "iphoneos iphonesimulator";
				SUPPORTS_MACCATALYST = NO;
				SUPPORTS_MAC_DESIGNED_FOR_IPHONE_IPAD = NO;
				SUPPORTS_XR_DESIGNED_FOR_IPHONE_IPAD = NO;
				SWIFT_EMIT_LOC_STRINGS = YES;
				SWIFT_OPTIMIZATION_LEVEL = "-Onone";
				SWIFT_VERSION = 5.0;
				TARGETED_DEVICE_FAMILY = 1;
			};
			name = Debug;
		};
		52141CEB2BE0D82500551A94 /* Release */ = {
			isa = XCBuildConfiguration;
			buildSettings = {
				ASSETCATALOG_COMPILER_APPICON_NAME = AppIcon;
				ASSETCATALOG_COMPILER_GLOBAL_ACCENT_COLOR_NAME = AccentColor;
				CLANG_ENABLE_MODULES = YES;
				CODE_SIGN_STYLE = Automatic;
				CURRENT_PROJECT_VERSION = 1;
				DEVELOPMENT_TEAM = H4CNC953L3;
				GENERATE_INFOPLIST_FILE = YES;
				INFOPLIST_FILE = DaechelinGuide/Resources/Info.plist;
				INFOPLIST_KEY_CFBundleDisplayName = "대슐랭 가이드";
				INFOPLIST_KEY_LSApplicationCategoryType = "public.app-category.lifestyle";
				INFOPLIST_KEY_UIApplicationSupportsIndirectInputEvents = YES;
				INFOPLIST_KEY_UILaunchStoryboardName = LaunchScreen;
				INFOPLIST_KEY_UISupportedInterfaceOrientations = UIInterfaceOrientationPortrait;
				INFOPLIST_KEY_UISupportedInterfaceOrientations_iPad = "UIInterfaceOrientationLandscapeLeft UIInterfaceOrientationLandscapeRight UIInterfaceOrientationPortrait UIInterfaceOrientationPortraitUpsideDown";
				INFOPLIST_KEY_UIUserInterfaceStyle = Light;
				IPHONEOS_DEPLOYMENT_TARGET = 13.0;
				LD_RUNPATH_SEARCH_PATHS = (
					"$(inherited)",
					"@executable_path/Frameworks",
				);
				MARKETING_VERSION = 1.0;
				PRODUCT_BUNDLE_IDENTIFIER = "kr.dgsw.mingyu.Guide-Daechelin";
				PRODUCT_NAME = "$(TARGET_NAME)";
				SUPPORTED_PLATFORMS = "iphoneos iphonesimulator";
				SUPPORTS_MACCATALYST = NO;
				SUPPORTS_MAC_DESIGNED_FOR_IPHONE_IPAD = NO;
				SUPPORTS_XR_DESIGNED_FOR_IPHONE_IPAD = NO;
				SWIFT_EMIT_LOC_STRINGS = YES;
				SWIFT_VERSION = 5.0;
				TARGETED_DEVICE_FAMILY = 1;
			};
			name = Release;
		};
/* End XCBuildConfiguration section */

/* Begin XCConfigurationList section */
		52141CD02BE0D82400551A94 /* Build configuration list for PBXProject "DaechelinGuide" */ = {
			isa = XCConfigurationList;
			buildConfigurations = (
				52141CE72BE0D82500551A94 /* Debug */,
				52141CE82BE0D82500551A94 /* Release */,
			);
			defaultConfigurationIsVisible = 0;
			defaultConfigurationName = Release;
		};
		52141CE92BE0D82500551A94 /* Build configuration list for PBXNativeTarget "DaechelinGuide" */ = {
			isa = XCConfigurationList;
			buildConfigurations = (
				52141CEA2BE0D82500551A94 /* Debug */,
				52141CEB2BE0D82500551A94 /* Release */,
			);
			defaultConfigurationIsVisible = 0;
			defaultConfigurationName = Release;
		};
/* End XCConfigurationList section */

/* Begin XCRemoteSwiftPackageReference section */
		52141CF22BE0E03200551A94 /* XCRemoteSwiftPackageReference "ReactorKit" */ = {
			isa = XCRemoteSwiftPackageReference;
			repositoryURL = "https://github.com/ReactorKit/ReactorKit.git";
			requirement = {
				kind = upToNextMajorVersion;
				minimumVersion = 3.2.0;
			};
		};
		52141CF52BE0E04000551A94 /* XCRemoteSwiftPackageReference "Then" */ = {
			isa = XCRemoteSwiftPackageReference;
			repositoryURL = "https://github.com/devxoul/Then";
			requirement = {
				kind = upToNextMajorVersion;
				minimumVersion = 3.0.0;
			};
		};
		52141CFC2BE0E6C800551A94 /* XCRemoteSwiftPackageReference "SnapKit" */ = {
			isa = XCRemoteSwiftPackageReference;
			repositoryURL = "https://github.com/SnapKit/SnapKit";
			requirement = {
				kind = upToNextMajorVersion;
				minimumVersion = 5.7.1;
			};
		};
		52FC148E2BE36A6A00462B37 /* XCRemoteSwiftPackageReference "RxSwift" */ = {
			isa = XCRemoteSwiftPackageReference;
			repositoryURL = "https://github.com/ReactiveX/RxSwift.git";
			requirement = {
				kind = upToNextMajorVersion;
				minimumVersion = 6.7.1;
			};
		};
		52FC149F2BE378A300462B37 /* XCRemoteSwiftPackageReference "RxGesture" */ = {
			isa = XCRemoteSwiftPackageReference;
			repositoryURL = "https://github.com/RxSwiftCommunity/RxGesture";
			requirement = {
				kind = upToNextMajorVersion;
				minimumVersion = 4.0.4;
			};
		};
		52FC14A72BE459C400462B37 /* XCRemoteSwiftPackageReference "Cosmos" */ = {
			isa = XCRemoteSwiftPackageReference;
			repositoryURL = "https://github.com/evgenyneu/Cosmos";
			requirement = {
				kind = upToNextMajorVersion;
				minimumVersion = 25.0.1;
			};
		};
/* End XCRemoteSwiftPackageReference section */

/* Begin XCSwiftPackageProductDependency section */
		52141CF32BE0E03200551A94 /* ReactorKit */ = {
			isa = XCSwiftPackageProductDependency;
			package = 52141CF22BE0E03200551A94 /* XCRemoteSwiftPackageReference "ReactorKit" */;
			productName = ReactorKit;
		};
		52141CF62BE0E04000551A94 /* Then */ = {
			isa = XCSwiftPackageProductDependency;
			package = 52141CF52BE0E04000551A94 /* XCRemoteSwiftPackageReference "Then" */;
			productName = Then;
		};
		52141CFD2BE0E6C800551A94 /* SnapKit */ = {
			isa = XCSwiftPackageProductDependency;
			package = 52141CFC2BE0E6C800551A94 /* XCRemoteSwiftPackageReference "SnapKit" */;
			productName = SnapKit;
		};
		52FC148F2BE36A6A00462B37 /* RxCocoa */ = {
			isa = XCSwiftPackageProductDependency;
			package = 52FC148E2BE36A6A00462B37 /* XCRemoteSwiftPackageReference "RxSwift" */;
			productName = RxCocoa;
		};
		52FC14A02BE378A300462B37 /* RxGesture */ = {
			isa = XCSwiftPackageProductDependency;
			package = 52FC149F2BE378A300462B37 /* XCRemoteSwiftPackageReference "RxGesture" */;
			productName = RxGesture;
		};
		52FC14A82BE459C400462B37 /* Cosmos */ = {
			isa = XCSwiftPackageProductDependency;
			package = 52FC14A72BE459C400462B37 /* XCRemoteSwiftPackageReference "Cosmos" */;
			productName = Cosmos;
		};
/* End XCSwiftPackageProductDependency section */
	};
	rootObject = 52141CCD2BE0D82400551A94 /* Project object */;
}
