// !$*UTF8*$!
{
	archiveVersion = 1;
	classes = {
	};
	objectVersion = 56;
	objects = {

/* Begin PBXBuildFile section */
		52141CD92BE0D82400551A94 /* AppDelegate.swift in Sources */ = {isa = PBXBuildFile; fileRef = 52141CD82BE0D82400551A94 /* AppDelegate.swift */; };
		52141CDB2BE0D82400551A94 /* SceneDelegate.swift in Sources */ = {isa = PBXBuildFile; fileRef = 52141CDA2BE0D82400551A94 /* SceneDelegate.swift */; };
		52141CDD2BE0D82400551A94 /* ViewController.swift in Sources */ = {isa = PBXBuildFile; fileRef = 52141CDC2BE0D82400551A94 /* ViewController.swift */; };
		52141CE22BE0D82500551A94 /* Assets.xcassets in Resources */ = {isa = PBXBuildFile; fileRef = 52141CE12BE0D82500551A94 /* Assets.xcassets */; };
		52141CE52BE0D82500551A94 /* Base in Resources */ = {isa = PBXBuildFile; fileRef = 52141CE42BE0D82500551A94 /* Base */; };
		52141CF42BE0E03200551A94 /* ReactorKit in Frameworks */ = {isa = PBXBuildFile; productRef = 52141CF32BE0E03200551A94 /* ReactorKit */; };
		52141CF72BE0E04000551A94 /* Then in Frameworks */ = {isa = PBXBuildFile; productRef = 52141CF62BE0E04000551A94 /* Then */; };
		52141CFB2BE0E58D00551A94 /* Constants.swift in Sources */ = {isa = PBXBuildFile; fileRef = 52141CFA2BE0E58D00551A94 /* Constants.swift */; };
		52141CFE2BE0E6C800551A94 /* SnapKit in Frameworks */ = {isa = PBXBuildFile; productRef = 52141CFD2BE0E6C800551A94 /* SnapKit */; };
		52141D022BE0E7CB00551A94 /* Response.swift in Sources */ = {isa = PBXBuildFile; fileRef = 52141D012BE0E7CB00551A94 /* Response.swift */; };
/* End PBXBuildFile section */

/* Begin PBXFileReference section */
		52141CD52BE0D82400551A94 /* DaechelinGuide.app */ = {isa = PBXFileReference; explicitFileType = wrapper.application; includeInIndex = 0; path = DaechelinGuide.app; sourceTree = BUILT_PRODUCTS_DIR; };
		52141CD82BE0D82400551A94 /* AppDelegate.swift */ = {isa = PBXFileReference; lastKnownFileType = sourcecode.swift; path = AppDelegate.swift; sourceTree = "<group>"; };
		52141CDA2BE0D82400551A94 /* SceneDelegate.swift */ = {isa = PBXFileReference; lastKnownFileType = sourcecode.swift; path = SceneDelegate.swift; sourceTree = "<group>"; };
		52141CDC2BE0D82400551A94 /* ViewController.swift */ = {isa = PBXFileReference; lastKnownFileType = sourcecode.swift; path = ViewController.swift; sourceTree = "<group>"; };
		52141CE12BE0D82500551A94 /* Assets.xcassets */ = {isa = PBXFileReference; lastKnownFileType = folder.assetcatalog; path = Assets.xcassets; sourceTree = "<group>"; };
		52141CE42BE0D82500551A94 /* Base */ = {isa = PBXFileReference; lastKnownFileType = file.storyboard; name = Base; path = Base.lproj/LaunchScreen.storyboard; sourceTree = "<group>"; };
		52141CE62BE0D82500551A94 /* Info.plist */ = {isa = PBXFileReference; lastKnownFileType = text.plist.xml; path = Info.plist; sourceTree = "<group>"; };
		52141CFA2BE0E58D00551A94 /* Constants.swift */ = {isa = PBXFileReference; lastKnownFileType = sourcecode.swift; path = Constants.swift; sourceTree = "<group>"; };
		52141D012BE0E7CB00551A94 /* Response.swift */ = {isa = PBXFileReference; lastKnownFileType = sourcecode.swift; path = Response.swift; sourceTree = "<group>"; };
/* End PBXFileReference section */

/* Begin PBXFrameworksBuildPhase section */
		52141CD22BE0D82400551A94 /* Frameworks */ = {
			isa = PBXFrameworksBuildPhase;
			buildActionMask = 2147483647;
			files = (
				52141CFE2BE0E6C800551A94 /* SnapKit in Frameworks */,
				52141CF42BE0E03200551A94 /* ReactorKit in Frameworks */,
				52141CF72BE0E04000551A94 /* Then in Frameworks */,
			);
			runOnlyForDeploymentPostprocessing = 0;
		};
/* End PBXFrameworksBuildPhase section */

/* Begin PBXGroup section */
		52141CCC2BE0D82400551A94 = {
			isa = PBXGroup;
			children = (
				52141CD72BE0D82400551A94 /* DaechelinGuide */,
				52141CD62BE0D82400551A94 /* Products */,
			);
			sourceTree = "<group>";
		};
		52141CD62BE0D82400551A94 /* Products */ = {
			isa = PBXGroup;
			children = (
				52141CD52BE0D82400551A94 /* DaechelinGuide.app */,
			);
			name = Products;
			sourceTree = "<group>";
		};
		52141CD72BE0D82400551A94 /* DaechelinGuide */ = {
			isa = PBXGroup;
			children = (
				52141CEC2BE0D99100551A94 /* Resources */,
				52141CED2BE0D99C00551A94 /* Sources */,
			);
			path = DaechelinGuide;
			sourceTree = "<group>";
		};
		52141CEC2BE0D99100551A94 /* Resources */ = {
			isa = PBXGroup;
			children = (
				52141CE62BE0D82500551A94 /* Info.plist */,
				52141CE32BE0D82500551A94 /* LaunchScreen.storyboard */,
				52141CE12BE0D82500551A94 /* Assets.xcassets */,
			);
			path = Resources;
			sourceTree = "<group>";
		};
		52141CED2BE0D99C00551A94 /* Sources */ = {
			isa = PBXGroup;
			children = (
				52141CF92BE0E57F00551A94 /* Service */,
				52141CF82BE0E51100551A94 /* Scene */,
				52141CEE2BE0DA1C00551A94 /* Delegate */,
			);
			name = Sources;
			sourceTree = "<group>";
		};
		52141CEE2BE0DA1C00551A94 /* Delegate */ = {
			isa = PBXGroup;
			children = (
				52141CD82BE0D82400551A94 /* AppDelegate.swift */,
				52141CDA2BE0D82400551A94 /* SceneDelegate.swift */,
			);
			name = Delegate;
			sourceTree = "<group>";
		};
		52141CF82BE0E51100551A94 /* Scene */ = {
			isa = PBXGroup;
			children = (
				52141CDC2BE0D82400551A94 /* ViewController.swift */,
			);
			name = Scene;
			sourceTree = "<group>";
		};
		52141CF92BE0E57F00551A94 /* Service */ = {
			isa = PBXGroup;
			children = (
				52141D002BE0E75F00551A94 /* Model */,
				52141CFF2BE0E71000551A94 /* Configuration */,
			);
			name = Service;
			sourceTree = "<group>";
		};
		52141CFF2BE0E71000551A94 /* Configuration */ = {
			isa = PBXGroup;
			children = (
				52141CFA2BE0E58D00551A94 /* Constants.swift */,
			);
			name = Configuration;
			sourceTree = "<group>";
		};
		52141D002BE0E75F00551A94 /* Model */ = {
			isa = PBXGroup;
			children = (
				52141D012BE0E7CB00551A94 /* Response.swift */,
			);
			name = Model;
			sourceTree = "<group>";
		};
/* End PBXGroup section */

/* Begin PBXNativeTarget section */
		52141CD42BE0D82400551A94 /* DaechelinGuide */ = {
			isa = PBXNativeTarget;
			buildConfigurationList = 52141CE92BE0D82500551A94 /* Build configuration list for PBXNativeTarget "DaechelinGuide" */;
			buildPhases = (
				52141CD12BE0D82400551A94 /* Sources */,
				52141CD22BE0D82400551A94 /* Frameworks */,
				52141CD32BE0D82400551A94 /* Resources */,
			);
			buildRules = (
			);
			dependencies = (
			);
			name = DaechelinGuide;
			packageProductDependencies = (
				52141CF32BE0E03200551A94 /* ReactorKit */,
				52141CF62BE0E04000551A94 /* Then */,
				52141CFD2BE0E6C800551A94 /* SnapKit */,
			);
			productName = DaechelinGuide;
			productReference = 52141CD52BE0D82400551A94 /* DaechelinGuide.app */;
			productType = "com.apple.product-type.application";
		};
/* End PBXNativeTarget section */

/* Begin PBXProject section */
		52141CCD2BE0D82400551A94 /* Project object */ = {
			isa = PBXProject;
			attributes = {
				BuildIndependentTargetsInParallel = 1;
				LastSwiftUpdateCheck = 1530;
				LastUpgradeCheck = 1530;
				TargetAttributes = {
					52141CD42BE0D82400551A94 = {
						CreatedOnToolsVersion = 15.3;
					};
				};
			};
			buildConfigurationList = 52141CD02BE0D82400551A94 /* Build configuration list for PBXProject "DaechelinGuide" */;
			compatibilityVersion = "Xcode 14.0";
			developmentRegion = en;
			hasScannedForEncodings = 0;
			knownRegions = (
				en,
				Base,
			);
			mainGroup = 52141CCC2BE0D82400551A94;
			packageReferences = (
				52141CF22BE0E03200551A94 /* XCRemoteSwiftPackageReference "ReactorKit" */,
				52141CF52BE0E04000551A94 /* XCRemoteSwiftPackageReference "Then" */,
				52141CFC2BE0E6C800551A94 /* XCRemoteSwiftPackageReference "SnapKit" */,
			);
			productRefGroup = 52141CD62BE0D82400551A94 /* Products */;
			projectDirPath = "";
			projectRoot = "";
			targets = (
				52141CD42BE0D82400551A94 /* DaechelinGuide */,
			);
		};
/* End PBXProject section */

/* Begin PBXResourcesBuildPhase section */
		52141CD32BE0D82400551A94 /* Resources */ = {
			isa = PBXResourcesBuildPhase;
			buildActionMask = 2147483647;
			files = (
				52141CE22BE0D82500551A94 /* Assets.xcassets in Resources */,
				52141CE52BE0D82500551A94 /* Base in Resources */,
			);
			runOnlyForDeploymentPostprocessing = 0;
		};
/* End PBXResourcesBuildPhase section */

/* Begin PBXSourcesBuildPhase section */
		52141CD12BE0D82400551A94 /* Sources */ = {
			isa = PBXSourcesBuildPhase;
			buildActionMask = 2147483647;
			files = (
				52141CDD2BE0D82400551A94 /* ViewController.swift in Sources */,
				52141CD92BE0D82400551A94 /* AppDelegate.swift in Sources */,
				52141CDB2BE0D82400551A94 /* SceneDelegate.swift in Sources */,
				52141CFB2BE0E58D00551A94 /* Constants.swift in Sources */,
				52141D022BE0E7CB00551A94 /* Response.swift in Sources */,
			);
			runOnlyForDeploymentPostprocessing = 0;
		};
/* End PBXSourcesBuildPhase section */

/* Begin PBXVariantGroup section */
		52141CE32BE0D82500551A94 /* LaunchScreen.storyboard */ = {
			isa = PBXVariantGroup;
			children = (
				52141CE42BE0D82500551A94 /* Base */,
			);
			name = LaunchScreen.storyboard;
			sourceTree = "<group>";
		};
/* End PBXVariantGroup section */

/* Begin XCBuildConfiguration section */
		52141CE72BE0D82500551A94 /* Debug */ = {
			isa = XCBuildConfiguration;
			buildSettings = {
				ALWAYS_SEARCH_USER_PATHS = NO;
				ASSETCATALOG_COMPILER_GENERATE_SWIFT_ASSET_SYMBOL_EXTENSIONS = YES;
				CLANG_ANALYZER_NONNULL = YES;
				CLANG_ANALYZER_NUMBER_OBJECT_CONVERSION = YES_AGGRESSIVE;
				CLANG_CXX_LANGUAGE_STANDARD = "gnu++20";
				CLANG_ENABLE_MODULES = YES;
				CLANG_ENABLE_OBJC_ARC = YES;
				CLANG_ENABLE_OBJC_WEAK = YES;
				CLANG_WARN_BLOCK_CAPTURE_AUTORELEASING = YES;
				CLANG_WARN_BOOL_CONVERSION = YES;
				CLANG_WARN_COMMA = YES;
				CLANG_WARN_CONSTANT_CONVERSION = YES;
				CLANG_WARN_DEPRECATED_OBJC_IMPLEMENTATIONS = YES;
				CLANG_WARN_DIRECT_OBJC_ISA_USAGE = YES_ERROR;
				CLANG_WARN_DOCUMENTATION_COMMENTS = YES;
				CLANG_WARN_EMPTY_BODY = YES;
				CLANG_WARN_ENUM_CONVERSION = YES;
				CLANG_WARN_INFINITE_RECURSION = YES;
				CLANG_WARN_INT_CONVERSION = YES;
				CLANG_WARN_NON_LITERAL_NULL_CONVERSION = YES;
				CLANG_WARN_OBJC_IMPLICIT_RETAIN_SELF = YES;
				CLANG_WARN_OBJC_LITERAL_CONVERSION = YES;
				CLANG_WARN_OBJC_ROOT_CLASS = YES_ERROR;
				CLANG_WARN_QUOTED_INCLUDE_IN_FRAMEWORK_HEADER = YES;
				CLANG_WARN_RANGE_LOOP_ANALYSIS = YES;
				CLANG_WARN_STRICT_PROTOTYPES = YES;
				CLANG_WARN_SUSPICIOUS_MOVE = YES;
				CLANG_WARN_UNGUARDED_AVAILABILITY = YES_AGGRESSIVE;
				CLANG_WARN_UNREACHABLE_CODE = YES;
				CLANG_WARN__DUPLICATE_METHOD_MATCH = YES;
				COPY_PHASE_STRIP = NO;
				DEBUG_INFORMATION_FORMAT = dwarf;
				ENABLE_STRICT_OBJC_MSGSEND = YES;
				ENABLE_TESTABILITY = YES;
				ENABLE_USER_SCRIPT_SANDBOXING = YES;
				GCC_C_LANGUAGE_STANDARD = gnu17;
				GCC_DYNAMIC_NO_PIC = NO;
				GCC_NO_COMMON_BLOCKS = YES;
				GCC_OPTIMIZATION_LEVEL = 0;
				GCC_PREPROCESSOR_DEFINITIONS = (
					"DEBUG=1",
					"$(inherited)",
				);
				GCC_WARN_64_TO_32_BIT_CONVERSION = YES;
				GCC_WARN_ABOUT_RETURN_TYPE = YES_ERROR;
				GCC_WARN_UNDECLARED_SELECTOR = YES;
				GCC_WARN_UNINITIALIZED_AUTOS = YES_AGGRESSIVE;
				GCC_WARN_UNUSED_FUNCTION = YES;
				GCC_WARN_UNUSED_VARIABLE = YES;
				IPHONEOS_DEPLOYMENT_TARGET = 13.0;
				LOCALIZATION_PREFERS_STRING_CATALOGS = YES;
				MTL_ENABLE_DEBUG_INFO = INCLUDE_SOURCE;
				MTL_FAST_MATH = YES;
				ONLY_ACTIVE_ARCH = YES;
				SDKROOT = iphoneos;
				SWIFT_ACTIVE_COMPILATION_CONDITIONS = "DEBUG $(inherited)";
				SWIFT_OPTIMIZATION_LEVEL = "-Onone";
			};
			name = Debug;
		};
		52141CE82BE0D82500551A94 /* Release */ = {
			isa = XCBuildConfiguration;
			buildSettings = {
				ALWAYS_SEARCH_USER_PATHS = NO;
				ASSETCATALOG_COMPILER_GENERATE_SWIFT_ASSET_SYMBOL_EXTENSIONS = YES;
				CLANG_ANALYZER_NONNULL = YES;
				CLANG_ANALYZER_NUMBER_OBJECT_CONVERSION = YES_AGGRESSIVE;
				CLANG_CXX_LANGUAGE_STANDARD = "gnu++20";
				CLANG_ENABLE_MODULES = YES;
				CLANG_ENABLE_OBJC_ARC = YES;
				CLANG_ENABLE_OBJC_WEAK = YES;
				CLANG_WARN_BLOCK_CAPTURE_AUTORELEASING = YES;
				CLANG_WARN_BOOL_CONVERSION = YES;
				CLANG_WARN_COMMA = YES;
				CLANG_WARN_CONSTANT_CONVERSION = YES;
				CLANG_WARN_DEPRECATED_OBJC_IMPLEMENTATIONS = YES;
				CLANG_WARN_DIRECT_OBJC_ISA_USAGE = YES_ERROR;
				CLANG_WARN_DOCUMENTATION_COMMENTS = YES;
				CLANG_WARN_EMPTY_BODY = YES;
				CLANG_WARN_ENUM_CONVERSION = YES;
				CLANG_WARN_INFINITE_RECURSION = YES;
				CLANG_WARN_INT_CONVERSION = YES;
				CLANG_WARN_NON_LITERAL_NULL_CONVERSION = YES;
				CLANG_WARN_OBJC_IMPLICIT_RETAIN_SELF = YES;
				CLANG_WARN_OBJC_LITERAL_CONVERSION = YES;
				CLANG_WARN_OBJC_ROOT_CLASS = YES_ERROR;
				CLANG_WARN_QUOTED_INCLUDE_IN_FRAMEWORK_HEADER = YES;
				CLANG_WARN_RANGE_LOOP_ANALYSIS = YES;
				CLANG_WARN_STRICT_PROTOTYPES = YES;
				CLANG_WARN_SUSPICIOUS_MOVE = YES;
				CLANG_WARN_UNGUARDED_AVAILABILITY = YES_AGGRESSIVE;
				CLANG_WARN_UNREACHABLE_CODE = YES;
				CLANG_WARN__DUPLICATE_METHOD_MATCH = YES;
				COPY_PHASE_STRIP = NO;
				DEBUG_INFORMATION_FORMAT = "dwarf-with-dsym";
				ENABLE_NS_ASSERTIONS = NO;
				ENABLE_STRICT_OBJC_MSGSEND = YES;
				ENABLE_USER_SCRIPT_SANDBOXING = YES;
				GCC_C_LANGUAGE_STANDARD = gnu17;
				GCC_NO_COMMON_BLOCKS = YES;
				GCC_WARN_64_TO_32_BIT_CONVERSION = YES;
				GCC_WARN_ABOUT_RETURN_TYPE = YES_ERROR;
				GCC_WARN_UNDECLARED_SELECTOR = YES;
				GCC_WARN_UNINITIALIZED_AUTOS = YES_AGGRESSIVE;
				GCC_WARN_UNUSED_FUNCTION = YES;
				GCC_WARN_UNUSED_VARIABLE = YES;
				IPHONEOS_DEPLOYMENT_TARGET = 13.0;
				LOCALIZATION_PREFERS_STRING_CATALOGS = YES;
				MTL_ENABLE_DEBUG_INFO = NO;
				MTL_FAST_MATH = YES;
				SDKROOT = iphoneos;
				SWIFT_COMPILATION_MODE = wholemodule;
				VALIDATE_PRODUCT = YES;
			};
			name = Release;
		};
		52141CEA2BE0D82500551A94 /* Debug */ = {
			isa = XCBuildConfiguration;
			buildSettings = {
				ASSETCATALOG_COMPILER_APPICON_NAME = AppIcon;
				ASSETCATALOG_COMPILER_GLOBAL_ACCENT_COLOR_NAME = AccentColor;
				CODE_SIGN_STYLE = Automatic;
				CURRENT_PROJECT_VERSION = 1;
				DEVELOPMENT_TEAM = H4CNC953L3;
				GENERATE_INFOPLIST_FILE = YES;
				INFOPLIST_FILE = DaechelinGuide/Resources/Info.plist;
				INFOPLIST_KEY_CFBundleDisplayName = "대슐랭 가이드";
				INFOPLIST_KEY_LSApplicationCategoryType = "public.app-category.lifestyle";
				INFOPLIST_KEY_UIApplicationSupportsIndirectInputEvents = YES;
				INFOPLIST_KEY_UILaunchStoryboardName = LaunchScreen;
				INFOPLIST_KEY_UISupportedInterfaceOrientations = UIInterfaceOrientationPortrait;
				INFOPLIST_KEY_UISupportedInterfaceOrientations_iPad = "UIInterfaceOrientationLandscapeLeft UIInterfaceOrientationLandscapeRight UIInterfaceOrientationPortrait UIInterfaceOrientationPortraitUpsideDown";
				IPHONEOS_DEPLOYMENT_TARGET = 13.0;
				LD_RUNPATH_SEARCH_PATHS = (
					"$(inherited)",
					"@executable_path/Frameworks",
				);
				MARKETING_VERSION = 1.0;
				PRODUCT_BUNDLE_IDENTIFIER = "kr.dgsw.daechelin-guide";
				PRODUCT_NAME = "$(TARGET_NAME)";
				SUPPORTED_PLATFORMS = "iphoneos iphonesimulator";
				SUPPORTS_MACCATALYST = NO;
				SUPPORTS_MAC_DESIGNED_FOR_IPHONE_IPAD = NO;
				SUPPORTS_XR_DESIGNED_FOR_IPHONE_IPAD = NO;
				SWIFT_EMIT_LOC_STRINGS = YES;
				SWIFT_VERSION = 5.0;
				TARGETED_DEVICE_FAMILY = 1;
			};
			name = Debug;
		};
		52141CEB2BE0D82500551A94 /* Release */ = {
			isa = XCBuildConfiguration;
			buildSettings = {
				ASSETCATALOG_COMPILER_APPICON_NAME = AppIcon;
				ASSETCATALOG_COMPILER_GLOBAL_ACCENT_COLOR_NAME = AccentColor;
				CODE_SIGN_STYLE = Automatic;
				CURRENT_PROJECT_VERSION = 1;
				DEVELOPMENT_TEAM = H4CNC953L3;
				GENERATE_INFOPLIST_FILE = YES;
				INFOPLIST_FILE = DaechelinGuide/Resources/Info.plist;
				INFOPLIST_KEY_CFBundleDisplayName = "대슐랭 가이드";
				INFOPLIST_KEY_LSApplicationCategoryType = "public.app-category.lifestyle";
				INFOPLIST_KEY_UIApplicationSupportsIndirectInputEvents = YES;
				INFOPLIST_KEY_UILaunchStoryboardName = LaunchScreen;
				INFOPLIST_KEY_UISupportedInterfaceOrientations = UIInterfaceOrientationPortrait;
				INFOPLIST_KEY_UISupportedInterfaceOrientations_iPad = "UIInterfaceOrientationLandscapeLeft UIInterfaceOrientationLandscapeRight UIInterfaceOrientationPortrait UIInterfaceOrientationPortraitUpsideDown";
				IPHONEOS_DEPLOYMENT_TARGET = 13.0;
				LD_RUNPATH_SEARCH_PATHS = (
					"$(inherited)",
					"@executable_path/Frameworks",
				);
				MARKETING_VERSION = 1.0;
				PRODUCT_BUNDLE_IDENTIFIER = "kr.dgsw.daechelin-guide";
				PRODUCT_NAME = "$(TARGET_NAME)";
				SUPPORTED_PLATFORMS = "iphoneos iphonesimulator";
				SUPPORTS_MACCATALYST = NO;
				SUPPORTS_MAC_DESIGNED_FOR_IPHONE_IPAD = NO;
				SUPPORTS_XR_DESIGNED_FOR_IPHONE_IPAD = NO;
				SWIFT_EMIT_LOC_STRINGS = YES;
				SWIFT_VERSION = 5.0;
				TARGETED_DEVICE_FAMILY = 1;
			};
			name = Release;
		};
/* End XCBuildConfiguration section */

/* Begin XCConfigurationList section */
		52141CD02BE0D82400551A94 /* Build configuration list for PBXProject "DaechelinGuide" */ = {
			isa = XCConfigurationList;
			buildConfigurations = (
				52141CE72BE0D82500551A94 /* Debug */,
				52141CE82BE0D82500551A94 /* Release */,
			);
			defaultConfigurationIsVisible = 0;
			defaultConfigurationName = Release;
		};
		52141CE92BE0D82500551A94 /* Build configuration list for PBXNativeTarget "DaechelinGuide" */ = {
			isa = XCConfigurationList;
			buildConfigurations = (
				52141CEA2BE0D82500551A94 /* Debug */,
				52141CEB2BE0D82500551A94 /* Release */,
			);
			defaultConfigurationIsVisible = 0;
			defaultConfigurationName = Release;
		};
/* End XCConfigurationList section */

/* Begin XCRemoteSwiftPackageReference section */
		52141CF22BE0E03200551A94 /* XCRemoteSwiftPackageReference "ReactorKit" */ = {
			isa = XCRemoteSwiftPackageReference;
			repositoryURL = "https://github.com/ReactorKit/ReactorKit.git";
			requirement = {
				kind = upToNextMajorVersion;
				minimumVersion = 3.2.0;
			};
		};
		52141CF52BE0E04000551A94 /* XCRemoteSwiftPackageReference "Then" */ = {
			isa = XCRemoteSwiftPackageReference;
			repositoryURL = "https://github.com/devxoul/Then";
			requirement = {
				kind = upToNextMajorVersion;
				minimumVersion = 3.0.0;
			};
		};
		52141CFC2BE0E6C800551A94 /* XCRemoteSwiftPackageReference "SnapKit" */ = {
			isa = XCRemoteSwiftPackageReference;
			repositoryURL = "https://github.com/SnapKit/SnapKit";
			requirement = {
				kind = upToNextMajorVersion;
				minimumVersion = 5.7.1;
			};
		};
/* End XCRemoteSwiftPackageReference section */

/* Begin XCSwiftPackageProductDependency section */
		52141CF32BE0E03200551A94 /* ReactorKit */ = {
			isa = XCSwiftPackageProductDependency;
			package = 52141CF22BE0E03200551A94 /* XCRemoteSwiftPackageReference "ReactorKit" */;
			productName = ReactorKit;
		};
		52141CF62BE0E04000551A94 /* Then */ = {
			isa = XCSwiftPackageProductDependency;
			package = 52141CF52BE0E04000551A94 /* XCRemoteSwiftPackageReference "Then" */;
			productName = Then;
		};
		52141CFD2BE0E6C800551A94 /* SnapKit */ = {
			isa = XCSwiftPackageProductDependency;
			package = 52141CFC2BE0E6C800551A94 /* XCRemoteSwiftPackageReference "SnapKit" */;
			productName = SnapKit;
		};
/* End XCSwiftPackageProductDependency section */
	};
	rootObject = 52141CCD2BE0D82400551A94 /* Project object */;
}
